
Microsoft Visual Studio Solution File, Format Version 12.00
# Visual Studio Version 17
VisualStudioVersion = 17.14.36414.22 d17.14
MinimumVisualStudioVersion = 10.0.40219.1
Project("{FAE04EC0-301F-11D3-BF4B-00C04F79EFBC}") = "Laboratorio 4", "Laboratorio 4\Laboratorio 4.csproj", "{A3EE45D9-3A0B-44F6-8B14-216BFBEE27E1}"
EndProject
Project("{FAE04EC0-301F-11D3-BF4B-00C04F79EFBC}") = "Laboratorio 42", "Laboratorio 42\Laboratorio 42.csproj", "{CEC54614-21BC-4F56-B7F6-A1759977A7D0}"
EndProject
Project("{FAE04EC0-301F-11D3-BF4B-00C04F79EFBC}") = "Laboratorio 43", "Laboratorio 43\Laboratorio 43.csproj", "{57E399D3-AAEE-4527-B688-FD4C04C1E67D}"
EndProject
Project("{FAE04EC0-301F-11D3-BF4B-00C04F79EFBC}") = "Laboratorio 44", "Laboratorio 44\Laboratorio 44.csproj", "{FD2EEF6F-3DFB-4884-A351-537CA8210C04}"
EndProject
Project("{FAE04EC0-301F-11D3-BF4B-00C04F79EFBC}") = "Laboratorio 45", "Laboratorio 45\Laboratorio 45.csproj", "{77638241-77B5-47BC-8E93-1FA158D3778A}"
EndProject
Project("{FAE04EC0-301F-11D3-BF4B-00C04F79EFBC}") = "Laboratorio 46", "Laboratorio 46\Laboratorio 46.csproj", "{B073B3C3-B5FC-4135-A74D-99BC1A5E67F4}"
EndProject
Project("{FAE04EC0-301F-11D3-BF4B-00C04F79EFBC}") = "Laboratorio 47", "Laboratorio 47\Laboratorio 47.csproj", "{A0833CCD-AE74-4702-AB3E-871570E5C54E}"
EndProject
Global
	GlobalSection(SolutionConfigurationPlatforms) = preSolution
		Debug|Any CPU = Debug|Any CPU
		Release|Any CPU = Release|Any CPU
	EndGlobalSection
	GlobalSection(ProjectConfigurationPlatforms) = postSolution
		{A3EE45D9-3A0B-44F6-8B14-216BFBEE27E1}.Debug|Any CPU.ActiveCfg = Debug|Any CPU
		{A3EE45D9-3A0B-44F6-8B14-216BFBEE27E1}.Debug|Any CPU.Build.0 = Debug|Any CPU
		{A3EE45D9-3A0B-44F6-8B14-216BFBEE27E1}.Release|Any CPU.ActiveCfg = Release|Any CPU
		{A3EE45D9-3A0B-44F6-8B14-216BFBEE27E1}.Release|Any CPU.Build.0 = Release|Any CPU
		{CEC54614-21BC-4F56-B7F6-A1759977A7D0}.Debug|Any CPU.ActiveCfg = Debug|Any CPU
		{CEC54614-21BC-4F56-B7F6-A1759977A7D0}.Debug|Any CPU.Build.0 = Debug|Any CPU
		{CEC54614-21BC-4F56-B7F6-A1759977A7D0}.Release|Any CPU.ActiveCfg = Release|Any CPU
		{CEC54614-21BC-4F56-B7F6-A1759977A7D0}.Release|Any CPU.Build.0 = Release|Any CPU
		{57E399D3-AAEE-4527-B688-FD4C04C1E67D}.Debug|Any CPU.ActiveCfg = Debug|Any CPU
		{57E399D3-AAEE-4527-B688-FD4C04C1E67D}.Debug|Any CPU.Build.0 = Debug|Any CPU
		{57E399D3-AAEE-4527-B688-FD4C04C1E67D}.Release|Any CPU.ActiveCfg = Release|Any CPU
		{57E399D3-AAEE-4527-B688-FD4C04C1E67D}.Release|Any CPU.Build.0 = Release|Any CPU
		{FD2EEF6F-3DFB-4884-A351-537CA8210C04}.Debug|Any CPU.ActiveCfg = Debug|Any CPU
		{FD2EEF6F-3DFB-4884-A351-537CA8210C04}.Debug|Any CPU.Build.0 = Debug|Any CPU
		{FD2EEF6F-3DFB-4884-A351-537CA8210C04}.Release|Any CPU.ActiveCfg = Release|Any CPU
		{FD2EEF6F-3DFB-4884-A351-537CA8210C04}.Release|Any CPU.Build.0 = Release|Any CPU
		{77638241-77B5-47BC-8E93-1FA158D3778A}.Debug|Any CPU.ActiveCfg = Debug|Any CPU
		{77638241-77B5-47BC-8E93-1FA158D3778A}.Debug|Any CPU.Build.0 = Debug|Any CPU
		{77638241-77B5-47BC-8E93-1FA158D3778A}.Release|Any CPU.ActiveCfg = Release|Any CPU
		{77638241-77B5-47BC-8E93-1FA158D3778A}.Release|Any CPU.Build.0 = Release|Any CPU
		{B073B3C3-B5FC-4135-A74D-99BC1A5E67F4}.Debug|Any CPU.ActiveCfg = Debug|Any CPU
		{B073B3C3-B5FC-4135-A74D-99BC1A5E67F4}.Debug|Any CPU.Build.0 = Debug|Any CPU
		{B073B3C3-B5FC-4135-A74D-99BC1A5E67F4}.Release|Any CPU.ActiveCfg = Release|Any CPU
		{B073B3C3-B5FC-4135-A74D-99BC1A5E67F4}.Release|Any CPU.Build.0 = Release|Any CPU
		{A0833CCD-AE74-4702-AB3E-871570E5C54E}.Debug|Any CPU.ActiveCfg = Debug|Any CPU
		{A0833CCD-AE74-4702-AB3E-871570E5C54E}.Debug|Any CPU.Build.0 = Debug|Any CPU
		{A0833CCD-AE74-4702-AB3E-871570E5C54E}.Release|Any CPU.ActiveCfg = Release|Any CPU
		{A0833CCD-AE74-4702-AB3E-871570E5C54E}.Release|Any CPU.Build.0 = Release|Any CPU
	EndGlobalSection
	GlobalSection(SolutionProperties) = preSolution
		HideSolutionNode = FALSE
	EndGlobalSection
	GlobalSection(ExtensibilityGlobals) = postSolution
		SolutionGuid = {724180F8-9BA3-452C-BA0F-59E529C5C38B}
	EndGlobalSection
EndGlobal
