
Microsoft Visual Studio Solution File, Format Version 12.00
# Visual Studio Version 17
VisualStudioVersion = 17.14.36414.22 d17.14
MinimumVisualStudioVersion = 10.0.40219.1
Project("{FAE04EC0-301F-11D3-BF4B-00C04F79EFBC}") = "Proyecto1", "Proyecto1\Proyecto1.csproj", "{D6726835-2DBC-4DD8-8634-7087592A37D6}"
EndProject
Global
	GlobalSection(SolutionConfigurationPlatforms) = preSolution
		Debug|Any CPU = Debug|Any CPU
		Release|Any CPU = Release|Any CPU
	EndGlobalSection
	GlobalSection(ProjectConfigurationPlatforms) = postSolution
		{D6726835-2DBC-4DD8-8634-7087592A37D6}.Debug|Any CPU.ActiveCfg = Debug|Any CPU
		{D6726835-2DBC-4DD8-8634-7087592A37D6}.Debug|Any CPU.Build.0 = Debug|Any CPU
		{D6726835-2DBC-4DD8-8634-7087592A37D6}.Release|Any CPU.ActiveCfg = Release|Any CPU
		{D6726835-2DBC-4DD8-8634-7087592A37D6}.Release|Any CPU.Build.0 = Release|Any CPU
	EndGlobalSection
	GlobalSection(SolutionProperties) = preSolution
		HideSolutionNode = FALSE
	EndGlobalSection
	GlobalSection(ExtensibilityGlobals) = postSolution
		SolutionGuid = {60160D70-DF4D-47D3-8075-8F14B8CC7447}
	EndGlobalSection
EndGlobal
