
Microsoft Visual Studio Solution File, Format Version 12.00
# Visual Studio Version 17
VisualStudioVersion = 17.14.36414.22 d17.14
MinimumVisualStudioVersion = 10.0.40219.1
Project("{FAE04EC0-301F-11D3-BF4B-00C04F79EFBC}") = "Laboratorio 6", "Laboratorio 6\Laboratorio 6.csproj", "{CF958DEF-303A-4D02-99D6-8DC24700E69A}"
EndProject
Project("{FAE04EC0-301F-11D3-BF4B-00C04F79EFBC}") = "Laboratorio 62", "Laboratorio 62\Laboratorio 62.csproj", "{73DE0A71-6A03-4ADB-81FE-352FCA104706}"
EndProject
Project("{FAE04EC0-301F-11D3-BF4B-00C04F79EFBC}") = "Laboratorio 63", "Laboratorio 63\Laboratorio 63.csproj", "{B179613F-83BD-4291-8141-39D98F3E1B52}"
EndProject
Project("{FAE04EC0-301F-11D3-BF4B-00C04F79EFBC}") = "Laboratorio 64", "Laboratorio 64\Laboratorio 64.csproj", "{88A64B5C-D8F9-470B-9364-9D4B2CEA334A}"
EndProject
Global
	GlobalSection(SolutionConfigurationPlatforms) = preSolution
		Debug|Any CPU = Debug|Any CPU
		Release|Any CPU = Release|Any CPU
	EndGlobalSection
	GlobalSection(ProjectConfigurationPlatforms) = postSolution
		{CF958DEF-303A-4D02-99D6-8DC24700E69A}.Debug|Any CPU.ActiveCfg = Debug|Any CPU
		{CF958DEF-303A-4D02-99D6-8DC24700E69A}.Debug|Any CPU.Build.0 = Debug|Any CPU
		{CF958DEF-303A-4D02-99D6-8DC24700E69A}.Release|Any CPU.ActiveCfg = Release|Any CPU
		{CF958DEF-303A-4D02-99D6-8DC24700E69A}.Release|Any CPU.Build.0 = Release|Any CPU
		{73DE0A71-6A03-4ADB-81FE-352FCA104706}.Debug|Any CPU.ActiveCfg = Debug|Any CPU
		{73DE0A71-6A03-4ADB-81FE-352FCA104706}.Debug|Any CPU.Build.0 = Debug|Any CPU
		{73DE0A71-6A03-4ADB-81FE-352FCA104706}.Release|Any CPU.ActiveCfg = Release|Any CPU
		{73DE0A71-6A03-4ADB-81FE-352FCA104706}.Release|Any CPU.Build.0 = Release|Any CPU
		{B179613F-83BD-4291-8141-39D98F3E1B52}.Debug|Any CPU.ActiveCfg = Debug|Any CPU
		{B179613F-83BD-4291-8141-39D98F3E1B52}.Debug|Any CPU.Build.0 = Debug|Any CPU
		{B179613F-83BD-4291-8141-39D98F3E1B52}.Release|Any CPU.ActiveCfg = Release|Any CPU
		{B179613F-83BD-4291-8141-39D98F3E1B52}.Release|Any CPU.Build.0 = Release|Any CPU
		{88A64B5C-D8F9-470B-9364-9D4B2CEA334A}.Debug|Any CPU.ActiveCfg = Debug|Any CPU
		{88A64B5C-D8F9-470B-9364-9D4B2CEA334A}.Debug|Any CPU.Build.0 = Debug|Any CPU
		{88A64B5C-D8F9-470B-9364-9D4B2CEA334A}.Release|Any CPU.ActiveCfg = Release|Any CPU
		{88A64B5C-D8F9-470B-9364-9D4B2CEA334A}.Release|Any CPU.Build.0 = Release|Any CPU
	EndGlobalSection
	GlobalSection(SolutionProperties) = preSolution
		HideSolutionNode = FALSE
	EndGlobalSection
	GlobalSection(ExtensibilityGlobals) = postSolution
		SolutionGuid = {B1469BE5-F4A2-40DF-AE94-203E112990FF}
	EndGlobalSection
EndGlobal
