
Microsoft Visual Studio Solution File, Format Version 12.00
# Visual Studio Version 17
VisualStudioVersion = 17.14.36414.22 d17.14
MinimumVisualStudioVersion = 10.0.40219.1
Project("{FAE04EC0-301F-11D3-BF4B-00C04F79EFBC}") = "Laboratorio 7", "Laboratorio 7\Laboratorio 7.csproj", "{7E2CC844-F23A-4A23-B3B5-00BDAD185D3B}"
EndProject
Project("{FAE04EC0-301F-11D3-BF4B-00C04F79EFBC}") = "Laboratorio 72", "Laboratorio 72\Laboratorio 72.csproj", "{D5B874A0-FB03-4D6B-8D0D-AA3B26C9981A}"
EndProject
Global
	GlobalSection(SolutionConfigurationPlatforms) = preSolution
		Debug|Any CPU = Debug|Any CPU
		Release|Any CPU = Release|Any CPU
	EndGlobalSection
	GlobalSection(ProjectConfigurationPlatforms) = postSolution
		{7E2CC844-F23A-4A23-B3B5-00BDAD185D3B}.Debug|Any CPU.ActiveCfg = Debug|Any CPU
		{7E2CC844-F23A-4A23-B3B5-00BDAD185D3B}.Debug|Any CPU.Build.0 = Debug|Any CPU
		{7E2CC844-F23A-4A23-B3B5-00BDAD185D3B}.Release|Any CPU.ActiveCfg = Release|Any CPU
		{7E2CC844-F23A-4A23-B3B5-00BDAD185D3B}.Release|Any CPU.Build.0 = Release|Any CPU
		{D5B874A0-FB03-4D6B-8D0D-AA3B26C9981A}.Debug|Any CPU.ActiveCfg = Debug|Any CPU
		{D5B874A0-FB03-4D6B-8D0D-AA3B26C9981A}.Debug|Any CPU.Build.0 = Debug|Any CPU
		{D5B874A0-FB03-4D6B-8D0D-AA3B26C9981A}.Release|Any CPU.ActiveCfg = Release|Any CPU
		{D5B874A0-FB03-4D6B-8D0D-AA3B26C9981A}.Release|Any CPU.Build.0 = Release|Any CPU
	EndGlobalSection
	GlobalSection(SolutionProperties) = preSolution
		HideSolutionNode = FALSE
	EndGlobalSection
	GlobalSection(ExtensibilityGlobals) = postSolution
		SolutionGuid = {E461B0E5-EF1A-44A7-A9FC-F5A75E09D651}
	EndGlobalSection
EndGlobal
