
Microsoft Visual Studio Solution File, Format Version 12.00
# Visual Studio Version 17
VisualStudioVersion = 17.14.36414.22 d17.14
MinimumVisualStudioVersion = 10.0.40219.1
Project("{FAE04EC0-301F-11D3-BF4B-00C04F79EFBC}") = "Laboratorio 14", "Laboratorio 14\Laboratorio 14.csproj", "{0C656FB4-EA46-4C64-9023-EE2DE9A93172}"
EndProject
Global
	GlobalSection(SolutionConfigurationPlatforms) = preSolution
		Debug|Any CPU = Debug|Any CPU
		Release|Any CPU = Release|Any CPU
	EndGlobalSection
	GlobalSection(ProjectConfigurationPlatforms) = postSolution
		{0C656FB4-EA46-4C64-9023-EE2DE9A93172}.Debug|Any CPU.ActiveCfg = Debug|Any CPU
		{0C656FB4-EA46-4C64-9023-EE2DE9A93172}.Debug|Any CPU.Build.0 = Debug|Any CPU
		{0C656FB4-EA46-4C64-9023-EE2DE9A93172}.Release|Any CPU.ActiveCfg = Release|Any CPU
		{0C656FB4-EA46-4C64-9023-EE2DE9A93172}.Release|Any CPU.Build.0 = Release|Any CPU
	EndGlobalSection
	GlobalSection(SolutionProperties) = preSolution
		HideSolutionNode = FALSE
	EndGlobalSection
	GlobalSection(ExtensibilityGlobals) = postSolution
		SolutionGuid = {6358F960-7B38-4288-B805-70E0DFC4D049}
	EndGlobalSection
EndGlobal
